
Microsoft Visual Studio Solution File, Format Version 12.00
# Visual Studio Version 17
VisualStudioVersion = 17.5.33424.131
MinimumVisualStudioVersion = 10.0.40219.1
Project("{FAE04EC0-301F-11D3-BF4B-00C04F79EFBC}") = "T01.Vehicles", "T01.Vehicles\T01.Vehicles.csproj", "{CD4FDCE5-CEF7-4995-871A-9FA78C108DAF}"
EndProject
Project("{9A19103F-16F7-4668-BE54-9A1E7A4F7556}") = "T02.Vehicles", "T02.Vehicles\T02.Vehicles.csproj", "{F53201B0-08B3-41AC-9B4A-BF7FD492C11D}"
EndProject
Global
	GlobalSection(SolutionConfigurationPlatforms) = preSolution
		Debug|Any CPU = Debug|Any CPU
		Release|Any CPU = Release|Any CPU
	EndGlobalSection
	GlobalSection(ProjectConfigurationPlatforms) = postSolution
		{CD4FDCE5-CEF7-4995-871A-9FA78C108DAF}.Debug|Any CPU.ActiveCfg = Debug|Any CPU
		{CD4FDCE5-CEF7-4995-871A-9FA78C108DAF}.Debug|Any CPU.Build.0 = Debug|Any CPU
		{CD4FDCE5-CEF7-4995-871A-9FA78C108DAF}.Release|Any CPU.ActiveCfg = Release|Any CPU
		{CD4FDCE5-CEF7-4995-871A-9FA78C108DAF}.Release|Any CPU.Build.0 = Release|Any CPU
		{F53201B0-08B3-41AC-9B4A-BF7FD492C11D}.Debug|Any CPU.ActiveCfg = Debug|Any CPU
		{F53201B0-08B3-41AC-9B4A-BF7FD492C11D}.Debug|Any CPU.Build.0 = Debug|Any CPU
		{F53201B0-08B3-41AC-9B4A-BF7FD492C11D}.Release|Any CPU.ActiveCfg = Release|Any CPU
		{F53201B0-08B3-41AC-9B4A-BF7FD492C11D}.Release|Any CPU.Build.0 = Release|Any CPU
	EndGlobalSection
	GlobalSection(SolutionProperties) = preSolution
		HideSolutionNode = FALSE
	EndGlobalSection
	GlobalSection(ExtensibilityGlobals) = postSolution
		SolutionGuid = {A7443B69-EEE4-4036-9835-AE912AB23E0A}
	EndGlobalSection
EndGlobal
