
Microsoft Visual Studio Solution File, Format Version 12.00
# Visual Studio Version 17
VisualStudioVersion = 17.5.33424.131
MinimumVisualStudioVersion = 10.0.40219.1
Project("{9A19103F-16F7-4668-BE54-9A1E7A4F7556}") = "T01.Vehicles", "T01.Vehicles\T01.Vehicles.csproj", "{CD4FDCE5-CEF7-4995-871A-9FA78C108DAF}"
EndProject
Project("{9A19103F-16F7-4668-BE54-9A1E7A4F7556}") = "T02.Vehicles", "T02.VehiclesExtension\T02.Vehicles.csproj", "{0C5B3C47-0A9C-4F30-A474-FE425A514CCE}"
EndProject
Project("{FAE04EC0-301F-11D3-BF4B-00C04F79EFBC}") = "T03.Raiding", "T03.Raiding\T03.Raiding.csproj", "{6B480A20-5D47-474C-A311-1EB34F43A64B}"
EndProject
Project("{FAE04EC0-301F-11D3-BF4B-00C04F79EFBC}") = "T04.WildFarm", "T04.WildFarm\T04.WildFarm.csproj", "{B2C7F1DF-24FF-470D-B755-079C364D74A8}"
EndProject
Global
	GlobalSection(SolutionConfigurationPlatforms) = preSolution
		Debug|Any CPU = Debug|Any CPU
		Release|Any CPU = Release|Any CPU
	EndGlobalSection
	GlobalSection(ProjectConfigurationPlatforms) = postSolution
		{CD4FDCE5-CEF7-4995-871A-9FA78C108DAF}.Debug|Any CPU.ActiveCfg = Debug|Any CPU
		{CD4FDCE5-CEF7-4995-871A-9FA78C108DAF}.Debug|Any CPU.Build.0 = Debug|Any CPU
		{CD4FDCE5-CEF7-4995-871A-9FA78C108DAF}.Release|Any CPU.ActiveCfg = Release|Any CPU
		{CD4FDCE5-CEF7-4995-871A-9FA78C108DAF}.Release|Any CPU.Build.0 = Release|Any CPU
		{0C5B3C47-0A9C-4F30-A474-FE425A514CCE}.Debug|Any CPU.ActiveCfg = Debug|Any CPU
		{0C5B3C47-0A9C-4F30-A474-FE425A514CCE}.Debug|Any CPU.Build.0 = Debug|Any CPU
		{0C5B3C47-0A9C-4F30-A474-FE425A514CCE}.Release|Any CPU.ActiveCfg = Release|Any CPU
		{0C5B3C47-0A9C-4F30-A474-FE425A514CCE}.Release|Any CPU.Build.0 = Release|Any CPU
		{6B480A20-5D47-474C-A311-1EB34F43A64B}.Debug|Any CPU.ActiveCfg = Debug|Any CPU
		{6B480A20-5D47-474C-A311-1EB34F43A64B}.Debug|Any CPU.Build.0 = Debug|Any CPU
		{6B480A20-5D47-474C-A311-1EB34F43A64B}.Release|Any CPU.ActiveCfg = Release|Any CPU
		{6B480A20-5D47-474C-A311-1EB34F43A64B}.Release|Any CPU.Build.0 = Release|Any CPU
		{B2C7F1DF-24FF-470D-B755-079C364D74A8}.Debug|Any CPU.ActiveCfg = Debug|Any CPU
		{B2C7F1DF-24FF-470D-B755-079C364D74A8}.Debug|Any CPU.Build.0 = Debug|Any CPU
		{B2C7F1DF-24FF-470D-B755-079C364D74A8}.Release|Any CPU.ActiveCfg = Release|Any CPU
		{B2C7F1DF-24FF-470D-B755-079C364D74A8}.Release|Any CPU.Build.0 = Release|Any CPU
	EndGlobalSection
	GlobalSection(SolutionProperties) = preSolution
		HideSolutionNode = FALSE
	EndGlobalSection
	GlobalSection(ExtensibilityGlobals) = postSolution
		SolutionGuid = {A7443B69-EEE4-4036-9835-AE912AB23E0A}
	EndGlobalSection
EndGlobal
